github.com/davecgh/go-spew v1.1.0/go.mod h1:J7Y8YcW2NihsgmVo/mv3lAwl/skON4iLHjSsI+c5H38=
github.com/golang/geo v0.0.0-20200319012246-673a6f80352d h1:C/hKUcHT483btRbeGkrRjJz+Zbcj8audldIi9tRJDCc=
github.com/golang/geo v0.0.0-20200319012246-673a6f80352d/go.mod h1:QZ0nwyI2jOfgRAoBvP+ab5aRr7c9x7lhGEJrKvBwjWI=
github.com/golang/protobuf v1.3.2 h1:6nsPYzhq5kReh6QImI3k5qWzO4PEbvbIW2cwSfR/6xs=
github.com/golang/protobuf v1.3.2/go.mod h1:6lQm79b+lXiMfvg/cZm0SGofjICqVBUtrP5yJMmIC1U=
github.com/google/uuid v1.1.1 h1:Gkbcsh/GbpXz7lPftLA3P6TYMwjCLYm83jiFQZF/3gY=
github.com/google/uuid v1.1.1/go.mod h1:TIyPZe4MgqvfeYDBFedMoGGpEw/LqOeaOT+nhxU+yHo=
github.com/gopub/conv v0.3.4 h1:RohB/IEHI544UAcJa9ZPbd0VSSEER2gdB4n2DCAvGrg=
github.com/gopub/conv v0.3.4/go.mod h1:fkjKAhFUBePpeF+07oJCakpDyTS6kgSMcYd2DEV6dB0=
github.com/gopub/log v1.2.0/go.mod h1:N7GzW/a2tgyQp/wSwd9YzUN5AbVB2G1yE7+nZUGL46A=
github.com/gopub/log v1.2.3 h1:59kLTEq5xEzL/wp080t7zMeBYdhM1VzrNCBslw5pyEc=
github.com/gopub/log v1.2.3/go.mod h1:N7GzW/a2tgyQp/wSwd9YzUN5AbVB2G1yE7+nZUGL46A=
github.com/gopub/types v0.2.24 h1:tymI0MFRQRAM8hvkCFbjj4+D6GpXZCm1Xpt2YJjqIMM=
github.com/gopub/types v0.2.24/go.mod h1:9TwnNzanBfFwgtvGMf+wDaBfMRC9V+W1w3IuXmc1lQM=
github.com/nyaruka/phonenumbers v1.0.54 h1:vU9IUfiHrpu+lZcCkjEzDsCIdurQV8lxjrAdqW2osAU=
github.com/nyaruka/phonenumbers v1.0.54/go.mod h1:sDaTZ/KPX5f8qyV9qN+hIm+4ZBARJrupC6LuhshJq1U=
github.com/pmezard/go-difflib v1.0.0/go.mod h1:iKH77koFhYxTK1pcRnkKkqfTogsbg7gZNVY4sRDYZ/4=
github.com/shopspring/decimal v0.0.0-20200227202807-02e2044944cc h1:jUIKcSPO9MoMJBbEoyE/RJoE8vz7Mb8AjvifMMwSyvY=
github.com/shopspring/decimal v0.0.0-20200227202807-02e2044944cc/go.mod h1:DKyhrW/HYNuLGql+MJL6WCR6knT2jwCFRcu2hWCYk4o=
github.com/stretchr/objx v0.1.0/go.mod h1:HFkY916IF+rwdDfMAkV7OtwuqBVzrE8GR6GFx+wExME=
github.com/stretchr/testify v1.5.1/go.mod h1:5W2xD1RspED5o8YsWQXVCued0rvSQ+mT+I5cxcmMvtA=
gopkg.in/check.v1 v0.0.0-20161208181325-20d25e280405/go.mod h1:Co6ibVJAznAaIkqp8huTwlJQCZ016jof/cbN4VW5Yz0=
gopkg.in/yaml.v2 v2.2.2/go.mod h1:hI93XBmqTisBFMUTm0b8Fm+jr3Dg1NNxqwp+5A1VGuI=
